{
  "lockfileVersion": 1,
  "configVersion": 1,
  "workspaces": {
    "": {
      "name": "cli",
      "devDependencies": {
        "@biomejs/biome": "^2.4.5",
        "@types/bun": "latest",
      },
    },
  },
  "packages": {
    "@biomejs/biome": ["@biomejs/biome@2.4.5", "", { "optionalDependencies": { "@biomejs/cli-darwin-arm64": "2.4.5", "@biomejs/cli-darwin-x64": "2.4.5", "@biomejs/cli-linux-arm64": "2.4.5", "@biomejs/cli-linux-arm64-musl": "2.4.5", "@biomejs/cli-linux-x64": "2.4.5", "@biomejs/cli-linux-x64-musl": "2.4.5", "@biomejs/cli-win32-arm64": "2.4.5", "@biomejs/cli-win32-x64": "2.4.5" }, "bin": { "biome": "bin/biome" } }, "sha512-OWNCyMS0Q011R6YifXNOg6qsOg64IVc7XX6SqGsrGszPbkVCoaO7Sr/lISFnXZ9hjQhDewwZ40789QmrG0GYgQ=="],

    "@biomejs/cli-darwin-arm64": ["@biomejs/cli-darwin-arm64@2.4.5", "", { "os": "darwin", "cpu": "arm64" }, "sha512-lGS4Nd5O3KQJ6TeWv10mElnx1phERhBxqGP/IKq0SvZl78kcWDFMaTtVK+w3v3lusRFxJY78n07PbKplirsU5g=="],

    "@biomejs/cli-darwin-x64": ["@biomejs/cli-darwin-x64@2.4.5", "", { "os": "darwin", "cpu": "x64" }, "sha512-6MoH4tyISIBNkZ2Q5T1R7dLd5BsITb2yhhhrU9jHZxnNSNMWl+s2Mxu7NBF8Y3a7JJcqq9nsk8i637z4gqkJxQ=="],

    "@biomejs/cli-linux-arm64": ["@biomejs/cli-linux-arm64@2.4.5", "", { "os": "linux", "cpu": "arm64" }, "sha512-U1GAG6FTjhAO04MyH4xn23wRNBkT6H7NentHh+8UxD6ShXKBm5SY4RedKJzkUThANxb9rUKIPc7B8ew9Xo/cWg=="],

    "@biomejs/cli-linux-arm64-musl": ["@biomejs/cli-linux-arm64-musl@2.4.5", "", { "os": "linux", "cpu": "arm64" }, "sha512-iqLDgpzobG7gpBF0fwEVS/LT8kmN7+S0E2YKFDtqliJfzNLnAiV2Nnyb+ehCDCJgAZBASkYHR2o60VQWikpqIg=="],

    "@biomejs/cli-linux-x64": ["@biomejs/cli-linux-x64@2.4.5", "", { "os": "linux", "cpu": "x64" }, "sha512-NdODlSugMzTlENPTa4z0xB82dTUlCpsrOxc43///aNkTLblIYH4XpYflBbf5ySlQuP8AA4AZd1qXhV07IdrHdQ=="],

    "@biomejs/cli-linux-x64-musl": ["@biomejs/cli-linux-x64-musl@2.4.5", "", { "os": "linux", "cpu": "x64" }, "sha512-NlKa7GpbQmNhZf9kakQeddqZyT7itN7jjWdakELeXyTU3pg/83fTysRRDPJD0akTfKDl6vZYNT9Zqn4MYZVBOA=="],

    "@biomejs/cli-win32-arm64": ["@biomejs/cli-win32-arm64@2.4.5", "", { "os": "win32", "cpu": "arm64" }, "sha512-EBfrTqRIWOFSd7CQb/0ttjHMR88zm3hGravnDwUA9wHAaCAYsULKDebWcN5RmrEo1KBtl/gDVJMrFjNR0pdGUw=="],

    "@biomejs/cli-win32-x64": ["@biomejs/cli-win32-x64@2.4.5", "", { "os": "win32", "cpu": "x64" }, "sha512-Pmhv9zT95YzECfjEHNl3mN9Vhusw9VA5KHY0ZvlGsxsjwS5cb7vpRnHzJIv0vG7jB0JI7xEaMH9ddfZm/RozBw=="],

    "@types/bun": ["@types/bun@1.3.9", "", { "dependencies": { "bun-types": "1.3.9" } }, "sha512-KQ571yULOdWJiMH+RIWIOZ7B2RXQGpL1YQrBtLIV3FqDcCu6FsbFUBwhdKUlCKUpS3PJDsHlJ1QKlpxoVR+xtw=="],

    "@types/node": ["@types/node@25.3.0", "", { "dependencies": { "undici-types": "~7.18.0" } }, "sha512-4K3bqJpXpqfg2XKGK9bpDTc6xO/xoUP/RBWS7AtRMug6zZFaRekiLzjVtAoZMquxoAbzBvy5nxQ7veS5eYzf8A=="],

    "bun-types": ["bun-types@1.3.9", "", { "dependencies": { "@types/node": "*" } }, "sha512-+UBWWOakIP4Tswh0Bt0QD0alpTY8cb5hvgiYeWCMet9YukHbzuruIEeXC2D7nMJPB12kbh8C7XJykSexEqGKJg=="],

    "undici-types": ["undici-types@7.18.2", "", {}, "sha512-AsuCzffGHJybSaRrmr5eHr81mwJU3kjw6M+uprWvCXiNeN9SOGwQ3Jn8jb8m3Z6izVgknn1R0FTCEAP2QrLY/w=="],
  }
}
